
Microsoft Visual Studio Solution File, Format Version 12.00
# Visual Studio Version 16
VisualStudioVersion = 16.0.31727.386
MinimumVisualStudioVersion = 10.0.40219.1
Project("{FAE04EC0-301F-11D3-BF4B-00C04F79EFBC}") = "BetterCandy", "BetterCandy\BetterCandy.csproj", "{227E9F1B-B2FA-49B3-B46F-C07A788EA462}"
EndProject
Global
	GlobalSection(SolutionConfigurationPlatforms) = preSolution
		Debug|Any CPU = Debug|Any CPU
		Release|Any CPU = Release|Any CPU
	EndGlobalSection
	GlobalSection(ProjectConfigurationPlatforms) = postSolution
		{227E9F1B-B2FA-49B3-B46F-C07A788EA462}.Debug|Any CPU.ActiveCfg = Debug|Any CPU
		{227E9F1B-B2FA-49B3-B46F-C07A788EA462}.Debug|Any CPU.Build.0 = Debug|Any CPU
		{227E9F1B-B2FA-49B3-B46F-C07A788EA462}.Release|Any CPU.ActiveCfg = Release|Any CPU
		{227E9F1B-B2FA-49B3-B46F-C07A788EA462}.Release|Any CPU.Build.0 = Release|Any CPU
	EndGlobalSection
	GlobalSection(SolutionProperties) = preSolution
		HideSolutionNode = FALSE
	EndGlobalSection
	GlobalSection(ExtensibilityGlobals) = postSolution
		SolutionGuid = {25FE03C3-C6A0-4869-B97E-BF76F7F06335}
	EndGlobalSection
EndGlobal
